// !$*UTF8*$!
{
	archiveVersion = 1;
	classes = {
	};
	objectVersion = 46;
	objects = {

/* Begin PBXBuildFile section */
		C20136962024BC2C00AB0816 /* CircleBtn.swift in Sources */ = {isa = PBXBuildFile; fileRef = C20136952024BC2C00AB0816 /* CircleBtn.swift */; };
		C20136982024D48500AB0816 /* MeetingSettingsVC.swift in Sources */ = {isa = PBXBuildFile; fileRef = C20136972024D48500AB0816 /* MeetingSettingsVC.swift */; };
		C201369A2025017F00AB0816 /* MeetingMembersVC.swift in Sources */ = {isa = PBXBuildFile; fileRef = C20136992025017F00AB0816 /* MeetingMembersVC.swift */; };
		C20147AF2020E4FB00561119 /* MessageVC.swift in Sources */ = {isa = PBXBuildFile; fileRef = C20147AE2020E4FB00561119 /* MessageVC.swift */; };
		C20147B1202122AD00561119 /* MessageCell.swift in Sources */ = {isa = PBXBuildFile; fileRef = C20147B0202122AD00561119 /* MessageCell.swift */; };
		C22519DD202352EF003016BC /* CreateMeetingVC.swift in Sources */ = {isa = PBXBuildFile; fileRef = C22519DC202352EF003016BC /* CreateMeetingVC.swift */; };
		C262E2982020D43100854FAA /* CircleImg.swift in Sources */ = {isa = PBXBuildFile; fileRef = C262E2972020D43100854FAA /* CircleImg.swift */; };
		C27ADD6E201F9B5200E89C9B /* AppDelegate.swift in Sources */ = {isa = PBXBuildFile; fileRef = C27ADD6D201F9B5200E89C9B /* AppDelegate.swift */; };
		C27ADD70201F9B5200E89C9B /* MeetingsVC.swift in Sources */ = {isa = PBXBuildFile; fileRef = C27ADD6F201F9B5200E89C9B /* MeetingsVC.swift */; };
		C27ADD73201F9B5200E89C9B /* Main.storyboard in Resources */ = {isa = PBXBuildFile; fileRef = C27ADD71201F9B5200E89C9B /* Main.storyboard */; };
		C27ADD75201F9B5200E89C9B /* Assets.xcassets in Resources */ = {isa = PBXBuildFile; fileRef = C27ADD74201F9B5200E89C9B /* Assets.xcassets */; };
		C27ADD78201F9B5200E89C9B /* LaunchScreen.storyboard in Resources */ = {isa = PBXBuildFile; fileRef = C27ADD76201F9B5200E89C9B /* LaunchScreen.storyboard */; };
/* End PBXBuildFile section */

/* Begin PBXFileReference section */
		C20136952024BC2C00AB0816 /* CircleBtn.swift */ = {isa = PBXFileReference; fileEncoding = 4; lastKnownFileType = sourcecode.swift; path = CircleBtn.swift; sourceTree = "<group>"; };
		C20136972024D48500AB0816 /* MeetingSettingsVC.swift */ = {isa = PBXFileReference; fileEncoding = 4; lastKnownFileType = sourcecode.swift; path = MeetingSettingsVC.swift; sourceTree = "<group>"; };
		C20136992025017F00AB0816 /* MeetingMembersVC.swift */ = {isa = PBXFileReference; fileEncoding = 4; lastKnownFileType = sourcecode.swift; path = MeetingMembersVC.swift; sourceTree = "<group>"; };
		C20147AE2020E4FB00561119 /* MessageVC.swift */ = {isa = PBXFileReference; fileEncoding = 4; lastKnownFileType = sourcecode.swift; path = MessageVC.swift; sourceTree = "<group>"; };
		C20147B0202122AD00561119 /* MessageCell.swift */ = {isa = PBXFileReference; fileEncoding = 4; lastKnownFileType = sourcecode.swift; path = MessageCell.swift; sourceTree = "<group>"; };
		C22519DC202352EF003016BC /* CreateMeetingVC.swift */ = {isa = PBXFileReference; fileEncoding = 4; lastKnownFileType = sourcecode.swift; path = CreateMeetingVC.swift; sourceTree = "<group>"; };
		C22519E020236BF4003016BC /* fa-brands-400.ttf */ = {isa = PBXFileReference; lastKnownFileType = file; path = "fa-brands-400.ttf"; sourceTree = "<group>"; };
		C22519E120236BF4003016BC /* fa-regular-400.ttf */ = {isa = PBXFileReference; lastKnownFileType = file; path = "fa-regular-400.ttf"; sourceTree = "<group>"; };
		C237DEDD202397400064083F /* fa-solid-900.ttf */ = {isa = PBXFileReference; lastKnownFileType = file; path = "fa-solid-900.ttf"; sourceTree = "<group>"; };
		C262E2972020D43100854FAA /* CircleImg.swift */ = {isa = PBXFileReference; fileEncoding = 4; lastKnownFileType = sourcecode.swift; path = CircleImg.swift; sourceTree = "<group>"; };
		C27ADD6A201F9B5200E89C9B /* Graduation Project.app */ = {isa = PBXFileReference; explicitFileType = wrapper.application; includeInIndex = 0; path = "Graduation Project.app"; sourceTree = BUILT_PRODUCTS_DIR; };
		C27ADD6D201F9B5200E89C9B /* AppDelegate.swift */ = {isa = PBXFileReference; lastKnownFileType = sourcecode.swift; path = AppDelegate.swift; sourceTree = "<group>"; };
		C27ADD6F201F9B5200E89C9B /* MeetingsVC.swift */ = {isa = PBXFileReference; lastKnownFileType = sourcecode.swift; path = MeetingsVC.swift; sourceTree = "<group>"; };
		C27ADD72201F9B5200E89C9B /* Base */ = {isa = PBXFileReference; lastKnownFileType = file.storyboard; name = Base; path = Base.lproj/Main.storyboard; sourceTree = "<group>"; };
		C27ADD74201F9B5200E89C9B /* Assets.xcassets */ = {isa = PBXFileReference; lastKnownFileType = folder.assetcatalog; path = Assets.xcassets; sourceTree = "<group>"; };
		C27ADD77201F9B5200E89C9B /* Base */ = {isa = PBXFileReference; lastKnownFileType = file.storyboard; name = Base; path = Base.lproj/LaunchScreen.storyboard; sourceTree = "<group>"; };
		C27ADD79201F9B5200E89C9B /* Info.plist */ = {isa = PBXFileReference; lastKnownFileType = text.plist.xml; path = Info.plist; sourceTree = "<group>"; };
/* End PBXFileReference section */

/* Begin PBXFrameworksBuildPhase section */
		C27ADD67201F9B5200E89C9B /* Frameworks */ = {
			isa = PBXFrameworksBuildPhase;
			buildActionMask = 2147483647;
			files = (
			);
			runOnlyForDeploymentPostprocessing = 0;
		};
/* End PBXFrameworksBuildPhase section */

/* Begin PBXGroup section */
		C27ADD61201F9B5200E89C9B = {
			isa = PBXGroup;
			children = (
				C27ADD6C201F9B5200E89C9B /* Graduation Project */,
				C27ADD6B201F9B5200E89C9B /* Products */,
			);
			sourceTree = "<group>";
		};
		C27ADD6B201F9B5200E89C9B /* Products */ = {
			isa = PBXGroup;
			children = (
				C27ADD6A201F9B5200E89C9B /* Graduation Project.app */,
			);
			name = Products;
			sourceTree = "<group>";
		};
		C27ADD6C201F9B5200E89C9B /* Graduation Project */ = {
			isa = PBXGroup;
			children = (
				C27ADD7F201F9BEE00E89C9B /* Meeting Module */,
				C27ADD83201F9C4600E89C9B /* Support Files */,
			);
			path = "Graduation Project";
			sourceTree = "<group>";
		};
		C27ADD7F201F9BEE00E89C9B /* Meeting Module */ = {
			isa = PBXGroup;
			children = (
				C27ADD82201F9C1800E89C9B /* Model */,
				C27ADD81201F9C1000E89C9B /* View */,
				C27ADD80201F9BFE00E89C9B /* Controller */,
			);
			name = "Meeting Module";
			sourceTree = "<group>";
		};
		C27ADD80201F9BFE00E89C9B /* Controller */ = {
			isa = PBXGroup;
			children = (
				C27ADD6D201F9B5200E89C9B /* AppDelegate.swift */,
				C27ADD6F201F9B5200E89C9B /* MeetingsVC.swift */,
				C20147AE2020E4FB00561119 /* MessageVC.swift */,
				C22519DC202352EF003016BC /* CreateMeetingVC.swift */,
				C20136972024D48500AB0816 /* MeetingSettingsVC.swift */,
				C20136992025017F00AB0816 /* MeetingMembersVC.swift */,
			);
			name = Controller;
			sourceTree = "<group>";
		};
		C27ADD81201F9C1000E89C9B /* View */ = {
			isa = PBXGroup;
			children = (
				C27ADD71201F9B5200E89C9B /* Main.storyboard */,
				C27ADD76201F9B5200E89C9B /* LaunchScreen.storyboard */,
				C262E2972020D43100854FAA /* CircleImg.swift */,
				C20147B0202122AD00561119 /* MessageCell.swift */,
				C20136952024BC2C00AB0816 /* CircleBtn.swift */,
			);
			name = View;
			sourceTree = "<group>";
		};
		C27ADD82201F9C1800E89C9B /* Model */ = {
			isa = PBXGroup;
			children = (
			);
			name = Model;
			sourceTree = "<group>";
		};
		C27ADD83201F9C4600E89C9B /* Support Files */ = {
			isa = PBXGroup;
			children = (
				C27ADD79201F9B5200E89C9B /* Info.plist */,
				C27ADD74201F9B5200E89C9B /* Assets.xcassets */,
				C22519E020236BF4003016BC /* fa-brands-400.ttf */,
				C22519E120236BF4003016BC /* fa-regular-400.ttf */,
				C237DEDD202397400064083F /* fa-solid-900.ttf */,
			);
			name = "Support Files";
			sourceTree = "<group>";
		};
/* End PBXGroup section */

/* Begin PBXNativeTarget section */
		C27ADD69201F9B5200E89C9B /* Graduation Project */ = {
			isa = PBXNativeTarget;
			buildConfigurationList = C27ADD7C201F9B5200E89C9B /* Build configuration list for PBXNativeTarget "Graduation Project" */;
			buildPhases = (
				C27ADD66201F9B5200E89C9B /* Sources */,
				C27ADD67201F9B5200E89C9B /* Frameworks */,
				C27ADD68201F9B5200E89C9B /* Resources */,
			);
			buildRules = (
			);
			dependencies = (
			);
			name = "Graduation Project";
			productName = "Graduation Project";
			productReference = C27ADD6A201F9B5200E89C9B /* Graduation Project.app */;
			productType = "com.apple.product-type.application";
		};
/* End PBXNativeTarget section */

/* Begin PBXProject section */
		C27ADD62201F9B5200E89C9B /* Project object */ = {
			isa = PBXProject;
			attributes = {
				LastSwiftUpdateCheck = 0830;
				LastUpgradeCheck = 0830;
				ORGANIZATIONNAME = "Yasmine Ghazy";
				TargetAttributes = {
					C27ADD69201F9B5200E89C9B = {
						CreatedOnToolsVersion = 8.3.3;
						DevelopmentTeam = M3HL88T3M4;
						ProvisioningStyle = Automatic;
					};
				};
			};
			buildConfigurationList = C27ADD65201F9B5200E89C9B /* Build configuration list for PBXProject "Graduation Project" */;
			compatibilityVersion = "Xcode 3.2";
			developmentRegion = English;
			hasScannedForEncodings = 0;
			knownRegions = (
				en,
				Base,
			);
			mainGroup = C27ADD61201F9B5200E89C9B;
			productRefGroup = C27ADD6B201F9B5200E89C9B /* Products */;
			projectDirPath = "";
			projectRoot = "";
			targets = (
				C27ADD69201F9B5200E89C9B /* Graduation Project */,
			);
		};
/* End PBXProject section */

/* Begin PBXResourcesBuildPhase section */
		C27ADD68201F9B5200E89C9B /* Resources */ = {
			isa = PBXResourcesBuildPhase;
			buildActionMask = 2147483647;
			files = (
				C27ADD78201F9B5200E89C9B /* LaunchScreen.storyboard in Resources */,
				C27ADD75201F9B5200E89C9B /* Assets.xcassets in Resources */,
				C27ADD73201F9B5200E89C9B /* Main.storyboard in Resources */,
			);
			runOnlyForDeploymentPostprocessing = 0;
		};
/* End PBXResourcesBuildPhase section */

/* Begin PBXSourcesBuildPhase section */
		C27ADD66201F9B5200E89C9B /* Sources */ = {
			isa = PBXSourcesBuildPhase;
			buildActionMask = 2147483647;
			files = (
				C22519DD202352EF003016BC /* CreateMeetingVC.swift in Sources */,
				C20147AF2020E4FB00561119 /* MessageVC.swift in Sources */,
				C27ADD70201F9B5200E89C9B /* MeetingsVC.swift in Sources */,
				C20147B1202122AD00561119 /* MessageCell.swift in Sources */,
				C201369A2025017F00AB0816 /* MeetingMembersVC.swift in Sources */,
				C262E2982020D43100854FAA /* CircleImg.swift in Sources */,
				C20136982024D48500AB0816 /* MeetingSettingsVC.swift in Sources */,
				C27ADD6E201F9B5200E89C9B /* AppDelegate.swift in Sources */,
				C20136962024BC2C00AB0816 /* CircleBtn.swift in Sources */,
			);
			runOnlyForDeploymentPostprocessing = 0;
		};
/* End PBXSourcesBuildPhase section */

/* Begin PBXVariantGroup section */
		C27ADD71201F9B5200E89C9B /* Main.storyboard */ = {
			isa = PBXVariantGroup;
			children = (
				C27ADD72201F9B5200E89C9B /* Base */,
			);
			name = Main.storyboard;
			sourceTree = "<group>";
		};
		C27ADD76201F9B5200E89C9B /* LaunchScreen.storyboard */ = {
			isa = PBXVariantGroup;
			children = (
				C27ADD77201F9B5200E89C9B /* Base */,
			);
			name = LaunchScreen.storyboard;
			sourceTree = "<group>";
		};
/* End PBXVariantGroup section */

/* Begin XCBuildConfiguration section */
		C27ADD7A201F9B5200E89C9B /* Debug */ = {
			isa = XCBuildConfiguration;
			buildSettings = {
				ALWAYS_SEARCH_USER_PATHS = NO;
				CLANG_ANALYZER_NONNULL = YES;
				CLANG_ANALYZER_NUMBER_OBJECT_CONVERSION = YES_AGGRESSIVE;
				CLANG_CXX_LANGUAGE_STANDARD = "gnu++0x";
				CLANG_CXX_LIBRARY = "libc++";
				CLANG_ENABLE_MODULES = YES;
				CLANG_ENABLE_OBJC_ARC = YES;
				CLANG_WARN_BOOL_CONVERSION = YES;
				CLANG_WARN_CONSTANT_CONVERSION = YES;
				CLANG_WARN_DIRECT_OBJC_ISA_USAGE = YES_ERROR;
				CLANG_WARN_DOCUMENTATION_COMMENTS = YES;
				CLANG_WARN_EMPTY_BODY = YES;
				CLANG_WARN_ENUM_CONVERSION = YES;
				CLANG_WARN_INFINITE_RECURSION = YES;
				CLANG_WARN_INT_CONVERSION = YES;
				CLANG_WARN_OBJC_ROOT_CLASS = YES_ERROR;
				CLANG_WARN_SUSPICIOUS_MOVE = YES;
				CLANG_WARN_UNREACHABLE_CODE = YES;
				CLANG_WARN__DUPLICATE_METHOD_MATCH = YES;
				"CODE_SIGN_IDENTITY[sdk=iphoneos*]" = "iPhone Developer";
				COPY_PHASE_STRIP = NO;
				DEBUG_INFORMATION_FORMAT = dwarf;
				ENABLE_STRICT_OBJC_MSGSEND = YES;
				ENABLE_TESTABILITY = YES;
				GCC_C_LANGUAGE_STANDARD = gnu99;
				GCC_DYNAMIC_NO_PIC = NO;
				GCC_NO_COMMON_BLOCKS = YES;
				GCC_OPTIMIZATION_LEVEL = 0;
				GCC_PREPROCESSOR_DEFINITIONS = (
					"DEBUG=1",
					"$(inherited)",
				);
				GCC_WARN_64_TO_32_BIT_CONVERSION = YES;
				GCC_WARN_ABOUT_RETURN_TYPE = YES_ERROR;
				GCC_WARN_UNDECLARED_SELECTOR = YES;
				GCC_WARN_UNINITIALIZED_AUTOS = YES_AGGRESSIVE;
				GCC_WARN_UNUSED_FUNCTION = YES;
				GCC_WARN_UNUSED_VARIABLE = YES;
				IPHONEOS_DEPLOYMENT_TARGET = 10.3;
				MTL_ENABLE_DEBUG_INFO = YES;
				ONLY_ACTIVE_ARCH = YES;
				SDKROOT = iphoneos;
				SWIFT_ACTIVE_COMPILATION_CONDITIONS = DEBUG;
				SWIFT_OPTIMIZATION_LEVEL = "-Onone";
				TARGETED_DEVICE_FAMILY = "1,2";
			};
			name = Debug;
		};
		C27ADD7B201F9B5200E89C9B /* Release */ = {
			isa = XCBuildConfiguration;
			buildSettings = {
				ALWAYS_SEARCH_USER_PATHS = NO;
				CLANG_ANALYZER_NONNULL = YES;
				CLANG_ANALYZER_NUMBER_OBJECT_CONVERSION = YES_AGGRESSIVE;
				CLANG_CXX_LANGUAGE_STANDARD = "gnu++0x";
				CLANG_CXX_LIBRARY = "libc++";
				CLANG_ENABLE_MODULES = YES;
				CLANG_ENABLE_OBJC_ARC = YES;
				CLANG_WARN_BOOL_CONVERSION = YES;
				CLANG_WARN_CONSTANT_CONVERSION = YES;
				CLANG_WARN_DIRECT_OBJC_ISA_USAGE = YES_ERROR;
				CLANG_WARN_DOCUMENTATION_COMMENTS = YES;
				CLANG_WARN_EMPTY_BODY = YES;
				CLANG_WARN_ENUM_CONVERSION = YES;
				CLANG_WARN_INFINITE_RECURSION = YES;
				CLANG_WARN_INT_CONVERSION = YES;
				CLANG_WARN_OBJC_ROOT_CLASS = YES_ERROR;
				CLANG_WARN_SUSPICIOUS_MOVE = YES;
				CLANG_WARN_UNREACHABLE_CODE = YES;
				CLANG_WARN__DUPLICATE_METHOD_MATCH = YES;
				"CODE_SIGN_IDENTITY[sdk=iphoneos*]" = "iPhone Developer";
				COPY_PHASE_STRIP = NO;
				DEBUG_INFORMATION_FORMAT = "dwarf-with-dsym";
				ENABLE_NS_ASSERTIONS = NO;
				ENABLE_STRICT_OBJC_MSGSEND = YES;
				GCC_C_LANGUAGE_STANDARD = gnu99;
				GCC_NO_COMMON_BLOCKS = YES;
				GCC_WARN_64_TO_32_BIT_CONVERSION = YES;
				GCC_WARN_ABOUT_RETURN_TYPE = YES_ERROR;
				GCC_WARN_UNDECLARED_SELECTOR = YES;
				GCC_WARN_UNINITIALIZED_AUTOS = YES_AGGRESSIVE;
				GCC_WARN_UNUSED_FUNCTION = YES;
				GCC_WARN_UNUSED_VARIABLE = YES;
				IPHONEOS_DEPLOYMENT_TARGET = 10.3;
				MTL_ENABLE_DEBUG_INFO = NO;
				SDKROOT = iphoneos;
				SWIFT_OPTIMIZATION_LEVEL = "-Owholemodule";
				TARGETED_DEVICE_FAMILY = "1,2";
				VALIDATE_PRODUCT = YES;
			};
			name = Release;
		};
		C27ADD7D201F9B5200E89C9B /* Debug */ = {
			isa = XCBuildConfiguration;
			buildSettings = {
				ASSETCATALOG_COMPILER_APPICON_NAME = AppIcon;
				DEVELOPMENT_TEAM = M3HL88T3M4;
				INFOPLIST_FILE = "Graduation Project/Info.plist";
				LD_RUNPATH_SEARCH_PATHS = "$(inherited) @executable_path/Frameworks";
				PRODUCT_BUNDLE_IDENTIFIER = "FCI.Graduation-Project";
				PRODUCT_NAME = "$(TARGET_NAME)";
				SWIFT_VERSION = 3.0;
			};
			name = Debug;
		};
		C27ADD7E201F9B5200E89C9B /* Release */ = {
			isa = XCBuildConfiguration;
			buildSettings = {
				ASSETCATALOG_COMPILER_APPICON_NAME = AppIcon;
				DEVELOPMENT_TEAM = M3HL88T3M4;
				INFOPLIST_FILE = "Graduation Project/Info.plist";
				LD_RUNPATH_SEARCH_PATHS = "$(inherited) @executable_path/Frameworks";
				PRODUCT_BUNDLE_IDENTIFIER = "FCI.Graduation-Project";
				PRODUCT_NAME = "$(TARGET_NAME)";
				SWIFT_VERSION = 3.0;
			};
			name = Release;
		};
/* End XCBuildConfiguration section */

/* Begin XCConfigurationList section */
		C27ADD65201F9B5200E89C9B /* Build configuration list for PBXProject "Graduation Project" */ = {
			isa = XCConfigurationList;
			buildConfigurations = (
				C27ADD7A201F9B5200E89C9B /* Debug */,
				C27ADD7B201F9B5200E89C9B /* Release */,
			);
			defaultConfigurationIsVisible = 0;
			defaultConfigurationName = Release;
		};
		C27ADD7C201F9B5200E89C9B /* Build configuration list for PBXNativeTarget "Graduation Project" */ = {
			isa = XCConfigurationList;
			buildConfigurations = (
				C27ADD7D201F9B5200E89C9B /* Debug */,
				C27ADD7E201F9B5200E89C9B /* Release */,
			);
			defaultConfigurationIsVisible = 0;
			defaultConfigurationName = Release;
		};
/* End XCConfigurationList section */
	};
	rootObject = C27ADD62201F9B5200E89C9B /* Project object */;
}
